
Microsoft Visual Studio Solution File, Format Version 12.00
# Visual Studio 14
VisualStudioVersion = 14.0.23107.0
MinimumVisualStudioVersion = 10.0.40219.1
Project("{FAE04EC0-301F-11D3-BF4B-00C04F79EFBC}") = "WeCanHelpOfficeApp", "WeCanHelpOfficeApp\WeCanHelpOfficeApp.csproj", "{E8ABEB17-77D8-4CEB-8A22-9F4C871B8959}"
EndProject
Project("{FAE04EC0-301F-11D3-BF4B-00C04F79EFBC}") = "WeCanHelpOfficeAppWeb", "WeCanHelpOfficeAppWeb\WeCanHelpOfficeAppWeb.csproj", "{A8F8D8D6-7B5B-4BCD-9432-D4144935CA02}"
EndProject
Global
	GlobalSection(SolutionConfigurationPlatforms) = preSolution
		Debug|Any CPU = Debug|Any CPU
		Release|Any CPU = Release|Any CPU
	EndGlobalSection
	GlobalSection(ProjectConfigurationPlatforms) = postSolution
		{E8ABEB17-77D8-4CEB-8A22-9F4C871B8959}.Debug|Any CPU.ActiveCfg = Debug|Any CPU
		{E8ABEB17-77D8-4CEB-8A22-9F4C871B8959}.Debug|Any CPU.Build.0 = Debug|Any CPU
		{E8ABEB17-77D8-4CEB-8A22-9F4C871B8959}.Debug|Any CPU.Deploy.0 = Debug|Any CPU
		{E8ABEB17-77D8-4CEB-8A22-9F4C871B8959}.Release|Any CPU.ActiveCfg = Release|Any CPU
		{E8ABEB17-77D8-4CEB-8A22-9F4C871B8959}.Release|Any CPU.Build.0 = Release|Any CPU
		{E8ABEB17-77D8-4CEB-8A22-9F4C871B8959}.Release|Any CPU.Deploy.0 = Release|Any CPU
		{A8F8D8D6-7B5B-4BCD-9432-D4144935CA02}.Debug|Any CPU.ActiveCfg = Debug|Any CPU
		{A8F8D8D6-7B5B-4BCD-9432-D4144935CA02}.Debug|Any CPU.Build.0 = Debug|Any CPU
		{A8F8D8D6-7B5B-4BCD-9432-D4144935CA02}.Release|Any CPU.ActiveCfg = Release|Any CPU
		{A8F8D8D6-7B5B-4BCD-9432-D4144935CA02}.Release|Any CPU.Build.0 = Release|Any CPU
	EndGlobalSection
	GlobalSection(SolutionProperties) = preSolution
		HideSolutionNode = FALSE
	EndGlobalSection
EndGlobal
